
Microsoft Visual Studio Solution File, Format Version 12.00
# Visual Studio Version 17
VisualStudioVersion = 17.4.33213.308
MinimumVisualStudioVersion = 10.0.40219.1
Project("{FAE04EC0-301F-11D3-BF4B-00C04F79EFBC}") = "Palindrome", "Palindrome.csproj", "{BF6A884C-CE17-4E88-8932-3ED88E11DC0C}"
EndProject
Global
	GlobalSection(SolutionConfigurationPlatforms) = preSolution
		Debug|Any CPU = Debug|Any CPU
		Release|Any CPU = Release|Any CPU
	EndGlobalSection
	GlobalSection(ProjectConfigurationPlatforms) = postSolution
		{BF6A884C-CE17-4E88-8932-3ED88E11DC0C}.Debug|Any CPU.ActiveCfg = Debug|Any CPU
		{BF6A884C-CE17-4E88-8932-3ED88E11DC0C}.Debug|Any CPU.Build.0 = Debug|Any CPU
		{BF6A884C-CE17-4E88-8932-3ED88E11DC0C}.Release|Any CPU.ActiveCfg = Release|Any CPU
		{BF6A884C-CE17-4E88-8932-3ED88E11DC0C}.Release|Any CPU.Build.0 = Release|Any CPU
	EndGlobalSection
	GlobalSection(SolutionProperties) = preSolution
		HideSolutionNode = FALSE
	EndGlobalSection
	GlobalSection(ExtensibilityGlobals) = postSolution
		SolutionGuid = {7B3BB51E-0941-4B0B-9DB7-4A1A709263E2}
	EndGlobalSection
EndGlobal
